
Microsoft Visual Studio Solution File, Format Version 12.00
# Visual Studio 2010
Project("{8BC9CEB8-8B4A-11D0-8D11-00A0C91BC942}") = "Practice0", "Practice0\Practice0.vcxproj", "{DA512AE3-EE4E-4FA6-928F-3C0D9AAEB78E}"
EndProject
Project("{8BC9CEB8-8B4A-11D0-8D11-00A0C91BC942}") = "Practice1", "Practice1\Practice1.vcxproj", "{BFE2233F-1B91-42A4-8873-E30B99FC5F85}"
EndProject
Project("{8BC9CEB8-8B4A-11D0-8D11-00A0C91BC942}") = "Practice2", "Practice2\Practice2.vcxproj", "{2B074337-D5FE-4B8C-B126-ADEF930A6E26}"
EndProject
Project("{8BC9CEB8-8B4A-11D0-8D11-00A0C91BC942}") = "Practice3", "Practice3\Practice3.vcxproj", "{D1E091CE-4550-4558-BE68-F556AAF229C9}"
EndProject
Project("{8BC9CEB8-8B4A-11D0-8D11-00A0C91BC942}") = "Practice4", "Practice4\Practice4.vcxproj", "{91A01114-FF7D-43ED-8AF6-D9C652374574}"
EndProject
Global
	GlobalSection(SolutionConfigurationPlatforms) = preSolution
		Debug|Win32 = Debug|Win32
		Debug|x64 = Debug|x64
		Release|Win32 = Release|Win32
		Release|x64 = Release|x64
	EndGlobalSection
	GlobalSection(ProjectConfigurationPlatforms) = postSolution
		{DA512AE3-EE4E-4FA6-928F-3C0D9AAEB78E}.Debug|Win32.ActiveCfg = Debug|Win32
		{DA512AE3-EE4E-4FA6-928F-3C0D9AAEB78E}.Debug|Win32.Build.0 = Debug|Win32
		{DA512AE3-EE4E-4FA6-928F-3C0D9AAEB78E}.Debug|x64.ActiveCfg = Debug|Win32
		{DA512AE3-EE4E-4FA6-928F-3C0D9AAEB78E}.Release|Win32.ActiveCfg = Release|Win32
		{DA512AE3-EE4E-4FA6-928F-3C0D9AAEB78E}.Release|Win32.Build.0 = Release|Win32
		{DA512AE3-EE4E-4FA6-928F-3C0D9AAEB78E}.Release|x64.ActiveCfg = Release|Win32
		{BFE2233F-1B91-42A4-8873-E30B99FC5F85}.Debug|Win32.ActiveCfg = Debug|Win32
		{BFE2233F-1B91-42A4-8873-E30B99FC5F85}.Debug|Win32.Build.0 = Debug|Win32
		{BFE2233F-1B91-42A4-8873-E30B99FC5F85}.Debug|x64.ActiveCfg = Debug|x64
		{BFE2233F-1B91-42A4-8873-E30B99FC5F85}.Debug|x64.Build.0 = Debug|x64
		{BFE2233F-1B91-42A4-8873-E30B99FC5F85}.Release|Win32.ActiveCfg = Release|Win32
		{BFE2233F-1B91-42A4-8873-E30B99FC5F85}.Release|Win32.Build.0 = Release|Win32
		{BFE2233F-1B91-42A4-8873-E30B99FC5F85}.Release|x64.ActiveCfg = Release|x64
		{BFE2233F-1B91-42A4-8873-E30B99FC5F85}.Release|x64.Build.0 = Release|x64
		{2B074337-D5FE-4B8C-B126-ADEF930A6E26}.Debug|Win32.ActiveCfg = Debug|Win32
		{2B074337-D5FE-4B8C-B126-ADEF930A6E26}.Debug|Win32.Build.0 = Debug|Win32
		{2B074337-D5FE-4B8C-B126-ADEF930A6E26}.Debug|x64.ActiveCfg = Debug|x64
		{2B074337-D5FE-4B8C-B126-ADEF930A6E26}.Debug|x64.Build.0 = Debug|x64
		{2B074337-D5FE-4B8C-B126-ADEF930A6E26}.Release|Win32.ActiveCfg = Release|Win32
		{2B074337-D5FE-4B8C-B126-ADEF930A6E26}.Release|Win32.Build.0 = Release|Win32
		{2B074337-D5FE-4B8C-B126-ADEF930A6E26}.Release|x64.ActiveCfg = Release|x64
		{2B074337-D5FE-4B8C-B126-ADEF930A6E26}.Release|x64.Build.0 = Release|x64
		{D1E091CE-4550-4558-BE68-F556AAF229C9}.Debug|Win32.ActiveCfg = Debug|Win32
		{D1E091CE-4550-4558-BE68-F556AAF229C9}.Debug|Win32.Build.0 = Debug|Win32
		{D1E091CE-4550-4558-BE68-F556AAF229C9}.Debug|x64.ActiveCfg = Debug|x64
		{D1E091CE-4550-4558-BE68-F556AAF229C9}.Debug|x64.Build.0 = Debug|x64
		{D1E091CE-4550-4558-BE68-F556AAF229C9}.Release|Win32.ActiveCfg = Release|Win32
		{D1E091CE-4550-4558-BE68-F556AAF229C9}.Release|Win32.Build.0 = Release|Win32
		{D1E091CE-4550-4558-BE68-F556AAF229C9}.Release|x64.ActiveCfg = Release|x64
		{D1E091CE-4550-4558-BE68-F556AAF229C9}.Release|x64.Build.0 = Release|x64
		{91A01114-FF7D-43ED-8AF6-D9C652374574}.Debug|Win32.ActiveCfg = Debug|Win32
		{91A01114-FF7D-43ED-8AF6-D9C652374574}.Debug|Win32.Build.0 = Debug|Win32
		{91A01114-FF7D-43ED-8AF6-D9C652374574}.Debug|x64.ActiveCfg = Debug|Win32
		{91A01114-FF7D-43ED-8AF6-D9C652374574}.Release|Win32.ActiveCfg = Release|Win32
		{91A01114-FF7D-43ED-8AF6-D9C652374574}.Release|Win32.Build.0 = Release|Win32
		{91A01114-FF7D-43ED-8AF6-D9C652374574}.Release|x64.ActiveCfg = Release|Win32
	EndGlobalSection
	GlobalSection(SolutionProperties) = preSolution
		HideSolutionNode = FALSE
	EndGlobalSection
EndGlobal
