
Microsoft Visual Studio Solution File, Format Version 12.00
# Visual Studio Version 17
VisualStudioVersion = 17.3.32929.385
MinimumVisualStudioVersion = 10.0.40219.1
Project("{8BC9CEB8-8B4A-11D0-8D11-00A0C91BC942}") = "Practice1", "Practice1\Practice1.vcxproj", "{CCEB5F15-C3B4-48F3-AB2F-7ACF8DAE526A}"
EndProject
Global
	GlobalSection(SolutionConfigurationPlatforms) = preSolution
		Debug|x64 = Debug|x64
		Debug|x86 = Debug|x86
		Release|x64 = Release|x64
		Release|x86 = Release|x86
	EndGlobalSection
	GlobalSection(ProjectConfigurationPlatforms) = postSolution
		{CCEB5F15-C3B4-48F3-AB2F-7ACF8DAE526A}.Debug|x64.ActiveCfg = Debug|x64
		{CCEB5F15-C3B4-48F3-AB2F-7ACF8DAE526A}.Debug|x64.Build.0 = Debug|x64
		{CCEB5F15-C3B4-48F3-AB2F-7ACF8DAE526A}.Debug|x86.ActiveCfg = Debug|Win32
		{CCEB5F15-C3B4-48F3-AB2F-7ACF8DAE526A}.Debug|x86.Build.0 = Debug|Win32
		{CCEB5F15-C3B4-48F3-AB2F-7ACF8DAE526A}.Release|x64.ActiveCfg = Release|x64
		{CCEB5F15-C3B4-48F3-AB2F-7ACF8DAE526A}.Release|x64.Build.0 = Release|x64
		{CCEB5F15-C3B4-48F3-AB2F-7ACF8DAE526A}.Release|x86.ActiveCfg = Release|Win32
		{CCEB5F15-C3B4-48F3-AB2F-7ACF8DAE526A}.Release|x86.Build.0 = Release|Win32
	EndGlobalSection
	GlobalSection(SolutionProperties) = preSolution
		HideSolutionNode = FALSE
	EndGlobalSection
	GlobalSection(ExtensibilityGlobals) = postSolution
		SolutionGuid = {375C7553-1B7C-4F86-A394-7E78C080B662}
	EndGlobalSection
EndGlobal
