
Microsoft Visual Studio Solution File, Format Version 12.00
# Visual Studio Version 16
VisualStudioVersion = 16.0.32901.82
MinimumVisualStudioVersion = 10.0.40219.1
Project("{8BC9CEB8-8B4A-11D0-8D11-00A0C91BC942}") = "Practice2_1C++_Class", "Practice2_1C++_Class\Practice2_1C++_Class.vcxproj", "{958D926C-2D87-4BF7-830E-5C6C46F73DCD}"
EndProject
Global
	GlobalSection(SolutionConfigurationPlatforms) = preSolution
		Debug|x64 = Debug|x64
		Debug|x86 = Debug|x86
		Release|x64 = Release|x64
		Release|x86 = Release|x86
	EndGlobalSection
	GlobalSection(ProjectConfigurationPlatforms) = postSolution
		{958D926C-2D87-4BF7-830E-5C6C46F73DCD}.Debug|x64.ActiveCfg = Debug|x64
		{958D926C-2D87-4BF7-830E-5C6C46F73DCD}.Debug|x64.Build.0 = Debug|x64
		{958D926C-2D87-4BF7-830E-5C6C46F73DCD}.Debug|x86.ActiveCfg = Debug|Win32
		{958D926C-2D87-4BF7-830E-5C6C46F73DCD}.Debug|x86.Build.0 = Debug|Win32
		{958D926C-2D87-4BF7-830E-5C6C46F73DCD}.Release|x64.ActiveCfg = Release|x64
		{958D926C-2D87-4BF7-830E-5C6C46F73DCD}.Release|x64.Build.0 = Release|x64
		{958D926C-2D87-4BF7-830E-5C6C46F73DCD}.Release|x86.ActiveCfg = Release|Win32
		{958D926C-2D87-4BF7-830E-5C6C46F73DCD}.Release|x86.Build.0 = Release|Win32
	EndGlobalSection
	GlobalSection(SolutionProperties) = preSolution
		HideSolutionNode = FALSE
	EndGlobalSection
	GlobalSection(ExtensibilityGlobals) = postSolution
		SolutionGuid = {67569AAB-DB28-449B-9D02-96667B4237AD}
	EndGlobalSection
EndGlobal
