
Microsoft Visual Studio Solution File, Format Version 12.00
# Visual Studio 14
VisualStudioVersion = 14.0.25420.1
MinimumVisualStudioVersion = 10.0.40219.1
Project("{8BC9CEB8-8B4A-11D0-8D11-00A0C91BC942}") = "Practice0", "Practice0\Practice0.vcxproj", "{3A1C03D0-3BBA-4BDC-8C93-7B605EB13CA4}"
EndProject
Project("{8BC9CEB8-8B4A-11D0-8D11-00A0C91BC942}") = "Practice1", "Practice1\Practice1.vcxproj", "{A4FC9D10-A33F-42B0-B025-E15B87A49BB4}"
EndProject
Project("{8BC9CEB8-8B4A-11D0-8D11-00A0C91BC942}") = "Practice2", "Practice2\Practice2.vcxproj", "{1FDB2DF0-06A4-49CC-86D4-5641BFA4CDD1}"
EndProject
Project("{8BC9CEB8-8B4A-11D0-8D11-00A0C91BC942}") = "Practice3", "Practice3\Practice3.vcxproj", "{E982F656-05B6-4D9D-A105-D630CE1B59E7}"
EndProject
Global
	GlobalSection(SolutionConfigurationPlatforms) = preSolution
		Debug|Mixed Platforms = Debug|Mixed Platforms
		Debug|Win32 = Debug|Win32
		Debug|x64 = Debug|x64
		Debug|x86 = Debug|x86
		Release|Mixed Platforms = Release|Mixed Platforms
		Release|Win32 = Release|Win32
		Release|x64 = Release|x64
		Release|x86 = Release|x86
	EndGlobalSection
	GlobalSection(ProjectConfigurationPlatforms) = postSolution
		{3A1C03D0-3BBA-4BDC-8C93-7B605EB13CA4}.Debug|Mixed Platforms.ActiveCfg = Debug|Win32
		{3A1C03D0-3BBA-4BDC-8C93-7B605EB13CA4}.Debug|Mixed Platforms.Build.0 = Debug|Win32
		{3A1C03D0-3BBA-4BDC-8C93-7B605EB13CA4}.Debug|Win32.ActiveCfg = Debug|Win32
		{3A1C03D0-3BBA-4BDC-8C93-7B605EB13CA4}.Debug|Win32.Build.0 = Debug|Win32
		{3A1C03D0-3BBA-4BDC-8C93-7B605EB13CA4}.Debug|x64.ActiveCfg = Debug|x64
		{3A1C03D0-3BBA-4BDC-8C93-7B605EB13CA4}.Debug|x64.Build.0 = Debug|x64
		{3A1C03D0-3BBA-4BDC-8C93-7B605EB13CA4}.Debug|x86.ActiveCfg = Debug|Win32
		{3A1C03D0-3BBA-4BDC-8C93-7B605EB13CA4}.Debug|x86.Build.0 = Debug|Win32
		{3A1C03D0-3BBA-4BDC-8C93-7B605EB13CA4}.Release|Mixed Platforms.ActiveCfg = Release|Win32
		{3A1C03D0-3BBA-4BDC-8C93-7B605EB13CA4}.Release|Mixed Platforms.Build.0 = Release|Win32
		{3A1C03D0-3BBA-4BDC-8C93-7B605EB13CA4}.Release|Win32.ActiveCfg = Release|Win32
		{3A1C03D0-3BBA-4BDC-8C93-7B605EB13CA4}.Release|Win32.Build.0 = Release|Win32
		{3A1C03D0-3BBA-4BDC-8C93-7B605EB13CA4}.Release|x64.ActiveCfg = Release|x64
		{3A1C03D0-3BBA-4BDC-8C93-7B605EB13CA4}.Release|x64.Build.0 = Release|x64
		{3A1C03D0-3BBA-4BDC-8C93-7B605EB13CA4}.Release|x86.ActiveCfg = Release|Win32
		{3A1C03D0-3BBA-4BDC-8C93-7B605EB13CA4}.Release|x86.Build.0 = Release|Win32
		{A4FC9D10-A33F-42B0-B025-E15B87A49BB4}.Debug|Mixed Platforms.ActiveCfg = Debug|Win32
		{A4FC9D10-A33F-42B0-B025-E15B87A49BB4}.Debug|Mixed Platforms.Build.0 = Debug|Win32
		{A4FC9D10-A33F-42B0-B025-E15B87A49BB4}.Debug|Win32.ActiveCfg = Debug|Win32
		{A4FC9D10-A33F-42B0-B025-E15B87A49BB4}.Debug|Win32.Build.0 = Debug|Win32
		{A4FC9D10-A33F-42B0-B025-E15B87A49BB4}.Debug|x64.ActiveCfg = Debug|x64
		{A4FC9D10-A33F-42B0-B025-E15B87A49BB4}.Debug|x64.Build.0 = Debug|x64
		{A4FC9D10-A33F-42B0-B025-E15B87A49BB4}.Debug|x86.ActiveCfg = Debug|Win32
		{A4FC9D10-A33F-42B0-B025-E15B87A49BB4}.Debug|x86.Build.0 = Debug|Win32
		{A4FC9D10-A33F-42B0-B025-E15B87A49BB4}.Release|Mixed Platforms.ActiveCfg = Release|Win32
		{A4FC9D10-A33F-42B0-B025-E15B87A49BB4}.Release|Mixed Platforms.Build.0 = Release|Win32
		{A4FC9D10-A33F-42B0-B025-E15B87A49BB4}.Release|Win32.ActiveCfg = Release|Win32
		{A4FC9D10-A33F-42B0-B025-E15B87A49BB4}.Release|Win32.Build.0 = Release|Win32
		{A4FC9D10-A33F-42B0-B025-E15B87A49BB4}.Release|x64.ActiveCfg = Release|x64
		{A4FC9D10-A33F-42B0-B025-E15B87A49BB4}.Release|x64.Build.0 = Release|x64
		{A4FC9D10-A33F-42B0-B025-E15B87A49BB4}.Release|x86.ActiveCfg = Release|Win32
		{A4FC9D10-A33F-42B0-B025-E15B87A49BB4}.Release|x86.Build.0 = Release|Win32
		{1FDB2DF0-06A4-49CC-86D4-5641BFA4CDD1}.Debug|Mixed Platforms.ActiveCfg = Debug|Win32
		{1FDB2DF0-06A4-49CC-86D4-5641BFA4CDD1}.Debug|Mixed Platforms.Build.0 = Debug|Win32
		{1FDB2DF0-06A4-49CC-86D4-5641BFA4CDD1}.Debug|Win32.ActiveCfg = Debug|Win32
		{1FDB2DF0-06A4-49CC-86D4-5641BFA4CDD1}.Debug|Win32.Build.0 = Debug|Win32
		{1FDB2DF0-06A4-49CC-86D4-5641BFA4CDD1}.Debug|x64.ActiveCfg = Debug|Win32
		{1FDB2DF0-06A4-49CC-86D4-5641BFA4CDD1}.Debug|x86.ActiveCfg = Debug|Win32
		{1FDB2DF0-06A4-49CC-86D4-5641BFA4CDD1}.Debug|x86.Build.0 = Debug|Win32
		{1FDB2DF0-06A4-49CC-86D4-5641BFA4CDD1}.Release|Mixed Platforms.ActiveCfg = Release|Win32
		{1FDB2DF0-06A4-49CC-86D4-5641BFA4CDD1}.Release|Mixed Platforms.Build.0 = Release|Win32
		{1FDB2DF0-06A4-49CC-86D4-5641BFA4CDD1}.Release|Win32.ActiveCfg = Release|Win32
		{1FDB2DF0-06A4-49CC-86D4-5641BFA4CDD1}.Release|Win32.Build.0 = Release|Win32
		{1FDB2DF0-06A4-49CC-86D4-5641BFA4CDD1}.Release|x64.ActiveCfg = Release|Win32
		{1FDB2DF0-06A4-49CC-86D4-5641BFA4CDD1}.Release|x86.ActiveCfg = Release|Win32
		{1FDB2DF0-06A4-49CC-86D4-5641BFA4CDD1}.Release|x86.Build.0 = Release|Win32
		{E982F656-05B6-4D9D-A105-D630CE1B59E7}.Debug|Mixed Platforms.ActiveCfg = Debug|Win32
		{E982F656-05B6-4D9D-A105-D630CE1B59E7}.Debug|Mixed Platforms.Build.0 = Debug|Win32
		{E982F656-05B6-4D9D-A105-D630CE1B59E7}.Debug|Win32.ActiveCfg = Debug|Win32
		{E982F656-05B6-4D9D-A105-D630CE1B59E7}.Debug|Win32.Build.0 = Debug|Win32
		{E982F656-05B6-4D9D-A105-D630CE1B59E7}.Debug|x64.ActiveCfg = Debug|x64
		{E982F656-05B6-4D9D-A105-D630CE1B59E7}.Debug|x64.Build.0 = Debug|x64
		{E982F656-05B6-4D9D-A105-D630CE1B59E7}.Debug|x86.ActiveCfg = Debug|Win32
		{E982F656-05B6-4D9D-A105-D630CE1B59E7}.Debug|x86.Build.0 = Debug|Win32
		{E982F656-05B6-4D9D-A105-D630CE1B59E7}.Release|Mixed Platforms.ActiveCfg = Release|Win32
		{E982F656-05B6-4D9D-A105-D630CE1B59E7}.Release|Mixed Platforms.Build.0 = Release|Win32
		{E982F656-05B6-4D9D-A105-D630CE1B59E7}.Release|Win32.ActiveCfg = Release|Win32
		{E982F656-05B6-4D9D-A105-D630CE1B59E7}.Release|Win32.Build.0 = Release|Win32
		{E982F656-05B6-4D9D-A105-D630CE1B59E7}.Release|x64.ActiveCfg = Release|x64
		{E982F656-05B6-4D9D-A105-D630CE1B59E7}.Release|x64.Build.0 = Release|x64
		{E982F656-05B6-4D9D-A105-D630CE1B59E7}.Release|x86.ActiveCfg = Release|Win32
		{E982F656-05B6-4D9D-A105-D630CE1B59E7}.Release|x86.Build.0 = Release|Win32
	EndGlobalSection
	GlobalSection(SolutionProperties) = preSolution
		HideSolutionNode = FALSE
	EndGlobalSection
EndGlobal
