
Microsoft Visual Studio Solution File, Format Version 12.00
# Visual Studio 15
VisualStudioVersion = 15.0.28307.2092
MinimumVisualStudioVersion = 10.0.40219.1
Project("{8BC9CEB8-8B4A-11D0-8D11-00A0C91BC942}") = "Practice2_1.2", "Practice2_1.2\Practice2_1.2.vcxproj", "{DA9854D9-A0A7-4629-A4CB-C3AB69CE4332}"
EndProject
Global
	GlobalSection(SolutionConfigurationPlatforms) = preSolution
		Debug|x64 = Debug|x64
		Debug|x86 = Debug|x86
		Release|x64 = Release|x64
		Release|x86 = Release|x86
	EndGlobalSection
	GlobalSection(ProjectConfigurationPlatforms) = postSolution
		{DA9854D9-A0A7-4629-A4CB-C3AB69CE4332}.Debug|x64.ActiveCfg = Debug|x64
		{DA9854D9-A0A7-4629-A4CB-C3AB69CE4332}.Debug|x64.Build.0 = Debug|x64
		{DA9854D9-A0A7-4629-A4CB-C3AB69CE4332}.Debug|x86.ActiveCfg = Debug|Win32
		{DA9854D9-A0A7-4629-A4CB-C3AB69CE4332}.Debug|x86.Build.0 = Debug|Win32
		{DA9854D9-A0A7-4629-A4CB-C3AB69CE4332}.Release|x64.ActiveCfg = Release|x64
		{DA9854D9-A0A7-4629-A4CB-C3AB69CE4332}.Release|x64.Build.0 = Release|x64
		{DA9854D9-A0A7-4629-A4CB-C3AB69CE4332}.Release|x86.ActiveCfg = Release|Win32
		{DA9854D9-A0A7-4629-A4CB-C3AB69CE4332}.Release|x86.Build.0 = Release|Win32
	EndGlobalSection
	GlobalSection(SolutionProperties) = preSolution
		HideSolutionNode = FALSE
	EndGlobalSection
	GlobalSection(ExtensibilityGlobals) = postSolution
		SolutionGuid = {F991E337-9B54-4180-A6F5-7A46B4844737}
	EndGlobalSection
EndGlobal
