
Microsoft Visual Studio Solution File, Format Version 12.00
# Visual Studio Version 16
VisualStudioVersion = 16.0.28803.202
MinimumVisualStudioVersion = 10.0.40219.1
Project("{8BC9CEB8-8B4A-11D0-8D11-00A0C91BC942}") = "Practice2", "Practice2\Practice2.vcxproj", "{C6332FBF-B87E-4A49-A1AF-489255CB50BB}"
EndProject
Global
	GlobalSection(SolutionConfigurationPlatforms) = preSolution
		Debug|x64 = Debug|x64
		Debug|x86 = Debug|x86
		Release|x64 = Release|x64
		Release|x86 = Release|x86
	EndGlobalSection
	GlobalSection(ProjectConfigurationPlatforms) = postSolution
		{C6332FBF-B87E-4A49-A1AF-489255CB50BB}.Debug|x64.ActiveCfg = Debug|x64
		{C6332FBF-B87E-4A49-A1AF-489255CB50BB}.Debug|x64.Build.0 = Debug|x64
		{C6332FBF-B87E-4A49-A1AF-489255CB50BB}.Debug|x86.ActiveCfg = Debug|Win32
		{C6332FBF-B87E-4A49-A1AF-489255CB50BB}.Debug|x86.Build.0 = Debug|Win32
		{C6332FBF-B87E-4A49-A1AF-489255CB50BB}.Release|x64.ActiveCfg = Release|x64
		{C6332FBF-B87E-4A49-A1AF-489255CB50BB}.Release|x64.Build.0 = Release|x64
		{C6332FBF-B87E-4A49-A1AF-489255CB50BB}.Release|x86.ActiveCfg = Release|Win32
		{C6332FBF-B87E-4A49-A1AF-489255CB50BB}.Release|x86.Build.0 = Release|Win32
	EndGlobalSection
	GlobalSection(SolutionProperties) = preSolution
		HideSolutionNode = FALSE
	EndGlobalSection
	GlobalSection(ExtensibilityGlobals) = postSolution
		SolutionGuid = {3DED203D-D3D4-44F4-AE93-8197F12E9F4F}
	EndGlobalSection
EndGlobal
