
Microsoft Visual Studio Solution File, Format Version 12.00
# Visual Studio Version 17
VisualStudioVersion = 17.3.32825.248
MinimumVisualStudioVersion = 10.0.40219.1
Project("{8BC9CEB8-8B4A-11D0-8D11-00A0C91BC942}") = "Practice4", "Practice4\Practice4.vcxproj", "{607A61E1-AFF9-462B-BCC1-0D73EB331E0F}"
EndProject
Global
	GlobalSection(SolutionConfigurationPlatforms) = preSolution
		Debug|x64 = Debug|x64
		Debug|x86 = Debug|x86
		Release|x64 = Release|x64
		Release|x86 = Release|x86
	EndGlobalSection
	GlobalSection(ProjectConfigurationPlatforms) = postSolution
		{607A61E1-AFF9-462B-BCC1-0D73EB331E0F}.Debug|x64.ActiveCfg = Debug|x64
		{607A61E1-AFF9-462B-BCC1-0D73EB331E0F}.Debug|x64.Build.0 = Debug|x64
		{607A61E1-AFF9-462B-BCC1-0D73EB331E0F}.Debug|x86.ActiveCfg = Debug|Win32
		{607A61E1-AFF9-462B-BCC1-0D73EB331E0F}.Debug|x86.Build.0 = Debug|Win32
		{607A61E1-AFF9-462B-BCC1-0D73EB331E0F}.Release|x64.ActiveCfg = Release|x64
		{607A61E1-AFF9-462B-BCC1-0D73EB331E0F}.Release|x64.Build.0 = Release|x64
		{607A61E1-AFF9-462B-BCC1-0D73EB331E0F}.Release|x86.ActiveCfg = Release|Win32
		{607A61E1-AFF9-462B-BCC1-0D73EB331E0F}.Release|x86.Build.0 = Release|Win32
	EndGlobalSection
	GlobalSection(SolutionProperties) = preSolution
		HideSolutionNode = FALSE
	EndGlobalSection
	GlobalSection(ExtensibilityGlobals) = postSolution
		SolutionGuid = {1CE496C0-A578-4BD4-8806-776A2C438AB2}
	EndGlobalSection
EndGlobal
