
Microsoft Visual Studio Solution File, Format Version 12.00
# Visual Studio Version 16
VisualStudioVersion = 16.0.32802.440
MinimumVisualStudioVersion = 10.0.40219.1
Project("{8BC9CEB8-8B4A-11D0-8D11-00A0C91BC942}") = "Pract_1", "Pract_1\Pract_1.vcxproj", "{41A43FFA-5F00-44A8-A957-4559C4F030E9}"
EndProject
Global
	GlobalSection(SolutionConfigurationPlatforms) = preSolution
		Debug|x64 = Debug|x64
		Debug|x86 = Debug|x86
		Release|x64 = Release|x64
		Release|x86 = Release|x86
	EndGlobalSection
	GlobalSection(ProjectConfigurationPlatforms) = postSolution
		{41A43FFA-5F00-44A8-A957-4559C4F030E9}.Debug|x64.ActiveCfg = Debug|x64
		{41A43FFA-5F00-44A8-A957-4559C4F030E9}.Debug|x64.Build.0 = Debug|x64
		{41A43FFA-5F00-44A8-A957-4559C4F030E9}.Debug|x86.ActiveCfg = Debug|Win32
		{41A43FFA-5F00-44A8-A957-4559C4F030E9}.Debug|x86.Build.0 = Debug|Win32
		{41A43FFA-5F00-44A8-A957-4559C4F030E9}.Release|x64.ActiveCfg = Release|x64
		{41A43FFA-5F00-44A8-A957-4559C4F030E9}.Release|x64.Build.0 = Release|x64
		{41A43FFA-5F00-44A8-A957-4559C4F030E9}.Release|x86.ActiveCfg = Release|Win32
		{41A43FFA-5F00-44A8-A957-4559C4F030E9}.Release|x86.Build.0 = Release|Win32
	EndGlobalSection
	GlobalSection(SolutionProperties) = preSolution
		HideSolutionNode = FALSE
	EndGlobalSection
	GlobalSection(ExtensibilityGlobals) = postSolution
		SolutionGuid = {D119C141-20EA-4EA5-83D3-58C6C0665C53}
	EndGlobalSection
EndGlobal
