
Microsoft Visual Studio Solution File, Format Version 11.00
# Visual C++ Express 2010
Project("{8BC9CEB8-8B4A-11D0-8D11-00A0C91BC942}") = "Practice0", "Practice0\Practice0.vcxproj", "{CCD90D07-5318-4DE1-A73B-E290E39C49FE}"
EndProject
Global
	GlobalSection(SolutionConfigurationPlatforms) = preSolution
		Debug|Win32 = Debug|Win32
		Release|Win32 = Release|Win32
	EndGlobalSection
	GlobalSection(ProjectConfigurationPlatforms) = postSolution
		{CCD90D07-5318-4DE1-A73B-E290E39C49FE}.Debug|Win32.ActiveCfg = Debug|Win32
		{CCD90D07-5318-4DE1-A73B-E290E39C49FE}.Debug|Win32.Build.0 = Debug|Win32
		{CCD90D07-5318-4DE1-A73B-E290E39C49FE}.Release|Win32.ActiveCfg = Release|Win32
		{CCD90D07-5318-4DE1-A73B-E290E39C49FE}.Release|Win32.Build.0 = Release|Win32
	EndGlobalSection
	GlobalSection(SolutionProperties) = preSolution
		HideSolutionNode = FALSE
	EndGlobalSection
EndGlobal
