
Microsoft Visual Studio Solution File, Format Version 12.00
# Visual Studio Version 17
VisualStudioVersion = 17.3.32825.248
MinimumVisualStudioVersion = 10.0.40219.1
Project("{8BC9CEB8-8B4A-11D0-8D11-00A0C91BC942}") = "Practice2_0", "Practice2_0\Practice2_0.vcxproj", "{F15958BB-A24D-4F04-B2EA-AC7BD1E63D29}"
EndProject
Global
	GlobalSection(SolutionConfigurationPlatforms) = preSolution
		Debug|x64 = Debug|x64
		Debug|x86 = Debug|x86
		Release|x64 = Release|x64
		Release|x86 = Release|x86
	EndGlobalSection
	GlobalSection(ProjectConfigurationPlatforms) = postSolution
		{F15958BB-A24D-4F04-B2EA-AC7BD1E63D29}.Debug|x64.ActiveCfg = Debug|x64
		{F15958BB-A24D-4F04-B2EA-AC7BD1E63D29}.Debug|x64.Build.0 = Debug|x64
		{F15958BB-A24D-4F04-B2EA-AC7BD1E63D29}.Debug|x86.ActiveCfg = Debug|Win32
		{F15958BB-A24D-4F04-B2EA-AC7BD1E63D29}.Debug|x86.Build.0 = Debug|Win32
		{F15958BB-A24D-4F04-B2EA-AC7BD1E63D29}.Release|x64.ActiveCfg = Release|x64
		{F15958BB-A24D-4F04-B2EA-AC7BD1E63D29}.Release|x64.Build.0 = Release|x64
		{F15958BB-A24D-4F04-B2EA-AC7BD1E63D29}.Release|x86.ActiveCfg = Release|Win32
		{F15958BB-A24D-4F04-B2EA-AC7BD1E63D29}.Release|x86.Build.0 = Release|Win32
	EndGlobalSection
	GlobalSection(SolutionProperties) = preSolution
		HideSolutionNode = FALSE
	EndGlobalSection
	GlobalSection(ExtensibilityGlobals) = postSolution
		SolutionGuid = {B4C5FF7B-9E8F-4E3C-981D-1F46F69155EE}
	EndGlobalSection
EndGlobal
