
Microsoft Visual Studio Solution File, Format Version 12.00
# Visual Studio 2012
Project("{8BC9CEB8-8B4A-11D0-8D11-00A0C91BC942}") = "Practice0", "Practice0\Practice0.vcxproj", "{873ECEAE-D34E-4622-95E0-84AE1D47A696}"
EndProject
Global
	GlobalSection(SolutionConfigurationPlatforms) = preSolution
		Debug|Win32 = Debug|Win32
		Release|Win32 = Release|Win32
	EndGlobalSection
	GlobalSection(ProjectConfigurationPlatforms) = postSolution
		{873ECEAE-D34E-4622-95E0-84AE1D47A696}.Debug|Win32.ActiveCfg = Debug|Win32
		{873ECEAE-D34E-4622-95E0-84AE1D47A696}.Debug|Win32.Build.0 = Debug|Win32
		{873ECEAE-D34E-4622-95E0-84AE1D47A696}.Release|Win32.ActiveCfg = Release|Win32
		{873ECEAE-D34E-4622-95E0-84AE1D47A696}.Release|Win32.Build.0 = Release|Win32
	EndGlobalSection
	GlobalSection(SolutionProperties) = preSolution
		HideSolutionNode = FALSE
	EndGlobalSection
EndGlobal
