
Microsoft Visual Studio Solution File, Format Version 12.00
# Visual Studio Version 17
VisualStudioVersion = 17.3.32922.545
MinimumVisualStudioVersion = 10.0.40219.1
Project("{8BC9CEB8-8B4A-11D0-8D11-00A0C91BC942}") = "Practice2_2", "Practice2_2\Practice2_2.vcxproj", "{606AFE88-F1F7-493A-BD54-F38D7DE0F64D}"
EndProject
Global
	GlobalSection(SolutionConfigurationPlatforms) = preSolution
		Debug|x64 = Debug|x64
		Debug|x86 = Debug|x86
		Release|x64 = Release|x64
		Release|x86 = Release|x86
	EndGlobalSection
	GlobalSection(ProjectConfigurationPlatforms) = postSolution
		{606AFE88-F1F7-493A-BD54-F38D7DE0F64D}.Debug|x64.ActiveCfg = Debug|x64
		{606AFE88-F1F7-493A-BD54-F38D7DE0F64D}.Debug|x64.Build.0 = Debug|x64
		{606AFE88-F1F7-493A-BD54-F38D7DE0F64D}.Debug|x86.ActiveCfg = Debug|Win32
		{606AFE88-F1F7-493A-BD54-F38D7DE0F64D}.Debug|x86.Build.0 = Debug|Win32
		{606AFE88-F1F7-493A-BD54-F38D7DE0F64D}.Release|x64.ActiveCfg = Release|x64
		{606AFE88-F1F7-493A-BD54-F38D7DE0F64D}.Release|x64.Build.0 = Release|x64
		{606AFE88-F1F7-493A-BD54-F38D7DE0F64D}.Release|x86.ActiveCfg = Release|Win32
		{606AFE88-F1F7-493A-BD54-F38D7DE0F64D}.Release|x86.Build.0 = Release|Win32
	EndGlobalSection
	GlobalSection(SolutionProperties) = preSolution
		HideSolutionNode = FALSE
	EndGlobalSection
	GlobalSection(ExtensibilityGlobals) = postSolution
		SolutionGuid = {F7EC535A-4122-4EB9-90A8-9D1B62B4068F}
	EndGlobalSection
EndGlobal
