
Microsoft Visual Studio Solution File, Format Version 12.00
# Visual Studio 15
VisualStudioVersion = 15.0.28010.2026
MinimumVisualStudioVersion = 10.0.40219.1
Project("{8BC9CEB8-8B4A-11D0-8D11-00A0C91BC942}") = "practice0", "practice0\practice0.vcxproj", "{FCAA149E-917B-4F2D-8741-B5E328E8DBD0}"
EndProject
Global
	GlobalSection(SolutionConfigurationPlatforms) = preSolution
		Debug|x64 = Debug|x64
		Debug|x86 = Debug|x86
		Release|x64 = Release|x64
		Release|x86 = Release|x86
	EndGlobalSection
	GlobalSection(ProjectConfigurationPlatforms) = postSolution
		{FCAA149E-917B-4F2D-8741-B5E328E8DBD0}.Debug|x64.ActiveCfg = Debug|x64
		{FCAA149E-917B-4F2D-8741-B5E328E8DBD0}.Debug|x64.Build.0 = Debug|x64
		{FCAA149E-917B-4F2D-8741-B5E328E8DBD0}.Debug|x86.ActiveCfg = Debug|Win32
		{FCAA149E-917B-4F2D-8741-B5E328E8DBD0}.Debug|x86.Build.0 = Debug|Win32
		{FCAA149E-917B-4F2D-8741-B5E328E8DBD0}.Release|x64.ActiveCfg = Release|x64
		{FCAA149E-917B-4F2D-8741-B5E328E8DBD0}.Release|x64.Build.0 = Release|x64
		{FCAA149E-917B-4F2D-8741-B5E328E8DBD0}.Release|x86.ActiveCfg = Release|Win32
		{FCAA149E-917B-4F2D-8741-B5E328E8DBD0}.Release|x86.Build.0 = Release|Win32
	EndGlobalSection
	GlobalSection(SolutionProperties) = preSolution
		HideSolutionNode = FALSE
	EndGlobalSection
	GlobalSection(ExtensibilityGlobals) = postSolution
		SolutionGuid = {7439CD1B-9709-4B8E-BFB7-B7FF74D55C8D}
	EndGlobalSection
EndGlobal
