
Microsoft Visual Studio Solution File, Format Version 12.00
# Visual Studio 2012
Project("{8BC9CEB8-8B4A-11D0-8D11-00A0C91BC942}") = "Practice0", "Practice0\Practice0.vcxproj", "{70E31D48-0E50-4949-A9EC-773FB4C3F2E3}"
EndProject
Project("{8BC9CEB8-8B4A-11D0-8D11-00A0C91BC942}") = "Practice2", "Practice2\Practice2.vcxproj", "{FC8E307A-5748-4A14-BAD5-13CEEE974563}"
EndProject
Project("{8BC9CEB8-8B4A-11D0-8D11-00A0C91BC942}") = "Practice1", "Practice1\Practice1.vcxproj", "{BD325747-EAC4-4481-818A-2EDCF48F7CCD}"
EndProject
Project("{8BC9CEB8-8B4A-11D0-8D11-00A0C91BC942}") = "Practice3", "Practice3\Practice3.vcxproj", "{B334DF86-3318-471E-8D4A-B6F8B810BBA1}"
EndProject
Project("{8BC9CEB8-8B4A-11D0-8D11-00A0C91BC942}") = "Practice4", "Practice4\Practice4.vcxproj", "{5B2D7BAF-E9EF-4BC7-8F35-4D443ECB7537}"
EndProject
Global
	GlobalSection(SolutionConfigurationPlatforms) = preSolution
		Debug|Win32 = Debug|Win32
		Release|Win32 = Release|Win32
	EndGlobalSection
	GlobalSection(ProjectConfigurationPlatforms) = postSolution
		{70E31D48-0E50-4949-A9EC-773FB4C3F2E3}.Debug|Win32.ActiveCfg = Debug|Win32
		{70E31D48-0E50-4949-A9EC-773FB4C3F2E3}.Debug|Win32.Build.0 = Debug|Win32
		{70E31D48-0E50-4949-A9EC-773FB4C3F2E3}.Release|Win32.ActiveCfg = Release|Win32
		{70E31D48-0E50-4949-A9EC-773FB4C3F2E3}.Release|Win32.Build.0 = Release|Win32
		{FC8E307A-5748-4A14-BAD5-13CEEE974563}.Debug|Win32.ActiveCfg = Debug|Win32
		{FC8E307A-5748-4A14-BAD5-13CEEE974563}.Debug|Win32.Build.0 = Debug|Win32
		{FC8E307A-5748-4A14-BAD5-13CEEE974563}.Release|Win32.ActiveCfg = Release|Win32
		{FC8E307A-5748-4A14-BAD5-13CEEE974563}.Release|Win32.Build.0 = Release|Win32
		{BD325747-EAC4-4481-818A-2EDCF48F7CCD}.Debug|Win32.ActiveCfg = Debug|Win32
		{BD325747-EAC4-4481-818A-2EDCF48F7CCD}.Debug|Win32.Build.0 = Debug|Win32
		{BD325747-EAC4-4481-818A-2EDCF48F7CCD}.Release|Win32.ActiveCfg = Release|Win32
		{BD325747-EAC4-4481-818A-2EDCF48F7CCD}.Release|Win32.Build.0 = Release|Win32
		{B334DF86-3318-471E-8D4A-B6F8B810BBA1}.Debug|Win32.ActiveCfg = Debug|Win32
		{B334DF86-3318-471E-8D4A-B6F8B810BBA1}.Debug|Win32.Build.0 = Debug|Win32
		{B334DF86-3318-471E-8D4A-B6F8B810BBA1}.Release|Win32.ActiveCfg = Release|Win32
		{B334DF86-3318-471E-8D4A-B6F8B810BBA1}.Release|Win32.Build.0 = Release|Win32
		{5B2D7BAF-E9EF-4BC7-8F35-4D443ECB7537}.Debug|Win32.ActiveCfg = Debug|Win32
		{5B2D7BAF-E9EF-4BC7-8F35-4D443ECB7537}.Debug|Win32.Build.0 = Debug|Win32
		{5B2D7BAF-E9EF-4BC7-8F35-4D443ECB7537}.Release|Win32.ActiveCfg = Release|Win32
		{5B2D7BAF-E9EF-4BC7-8F35-4D443ECB7537}.Release|Win32.Build.0 = Release|Win32
	EndGlobalSection
	GlobalSection(SolutionProperties) = preSolution
		HideSolutionNode = FALSE
	EndGlobalSection
EndGlobal
