
Microsoft Visual Studio Solution File, Format Version 12.00
# Visual Studio Version 17
VisualStudioVersion = 17.3.32825.248
MinimumVisualStudioVersion = 10.0.40219.1
Project("{8BC9CEB8-8B4A-11D0-8D11-00A0C91BC942}") = "Practice2_2", "Practice2_2\Practice2_2.vcxproj", "{A7C8F88A-9DBF-4EFB-8E17-A165C2C3C18D}"
EndProject
Global
	GlobalSection(SolutionConfigurationPlatforms) = preSolution
		Debug|x64 = Debug|x64
		Debug|x86 = Debug|x86
		Release|x64 = Release|x64
		Release|x86 = Release|x86
	EndGlobalSection
	GlobalSection(ProjectConfigurationPlatforms) = postSolution
		{A7C8F88A-9DBF-4EFB-8E17-A165C2C3C18D}.Debug|x64.ActiveCfg = Debug|x64
		{A7C8F88A-9DBF-4EFB-8E17-A165C2C3C18D}.Debug|x64.Build.0 = Debug|x64
		{A7C8F88A-9DBF-4EFB-8E17-A165C2C3C18D}.Debug|x86.ActiveCfg = Debug|Win32
		{A7C8F88A-9DBF-4EFB-8E17-A165C2C3C18D}.Debug|x86.Build.0 = Debug|Win32
		{A7C8F88A-9DBF-4EFB-8E17-A165C2C3C18D}.Release|x64.ActiveCfg = Release|x64
		{A7C8F88A-9DBF-4EFB-8E17-A165C2C3C18D}.Release|x64.Build.0 = Release|x64
		{A7C8F88A-9DBF-4EFB-8E17-A165C2C3C18D}.Release|x86.ActiveCfg = Release|Win32
		{A7C8F88A-9DBF-4EFB-8E17-A165C2C3C18D}.Release|x86.Build.0 = Release|Win32
	EndGlobalSection
	GlobalSection(SolutionProperties) = preSolution
		HideSolutionNode = FALSE
	EndGlobalSection
	GlobalSection(ExtensibilityGlobals) = postSolution
		SolutionGuid = {BA661FCD-6646-47B6-8CE1-6B4A34472BBE}
	EndGlobalSection
EndGlobal
