
Microsoft Visual Studio Solution File, Format Version 12.00
# Visual Studio Version 17
VisualStudioVersion = 17.5.33414.496
MinimumVisualStudioVersion = 10.0.40219.1
Project("{8BC9CEB8-8B4A-11D0-8D11-00A0C91BC942}") = "Practice2_1", "Practice2_1\Practice2_1.vcxproj", "{C31708C9-867F-45FE-8352-7D97B25A65B4}"
EndProject
Global
	GlobalSection(SolutionConfigurationPlatforms) = preSolution
		Debug|x64 = Debug|x64
		Debug|x86 = Debug|x86
		Release|x64 = Release|x64
		Release|x86 = Release|x86
	EndGlobalSection
	GlobalSection(ProjectConfigurationPlatforms) = postSolution
		{C31708C9-867F-45FE-8352-7D97B25A65B4}.Debug|x64.ActiveCfg = Debug|x64
		{C31708C9-867F-45FE-8352-7D97B25A65B4}.Debug|x64.Build.0 = Debug|x64
		{C31708C9-867F-45FE-8352-7D97B25A65B4}.Debug|x86.ActiveCfg = Debug|Win32
		{C31708C9-867F-45FE-8352-7D97B25A65B4}.Debug|x86.Build.0 = Debug|Win32
		{C31708C9-867F-45FE-8352-7D97B25A65B4}.Release|x64.ActiveCfg = Release|x64
		{C31708C9-867F-45FE-8352-7D97B25A65B4}.Release|x64.Build.0 = Release|x64
		{C31708C9-867F-45FE-8352-7D97B25A65B4}.Release|x86.ActiveCfg = Release|Win32
		{C31708C9-867F-45FE-8352-7D97B25A65B4}.Release|x86.Build.0 = Release|Win32
	EndGlobalSection
	GlobalSection(SolutionProperties) = preSolution
		HideSolutionNode = FALSE
	EndGlobalSection
	GlobalSection(ExtensibilityGlobals) = postSolution
		SolutionGuid = {BD86BCC6-1A56-4CF5-86A3-5CFD74A671C9}
	EndGlobalSection
EndGlobal
