
Microsoft Visual Studio Solution File, Format Version 12.00
# Visual Studio Version 17
VisualStudioVersion = 17.3.32825.248
MinimumVisualStudioVersion = 10.0.40219.1
Project("{8BC9CEB8-8B4A-11D0-8D11-00A0C91BC942}") = "Practice2_3", "Practice2_3\Practice2_3.vcxproj", "{DA564D79-2824-49BA-A53C-3A4F117438A2}"
EndProject
Global
	GlobalSection(SolutionConfigurationPlatforms) = preSolution
		Debug|x64 = Debug|x64
		Debug|x86 = Debug|x86
		Release|x64 = Release|x64
		Release|x86 = Release|x86
	EndGlobalSection
	GlobalSection(ProjectConfigurationPlatforms) = postSolution
		{DA564D79-2824-49BA-A53C-3A4F117438A2}.Debug|x64.ActiveCfg = Debug|x64
		{DA564D79-2824-49BA-A53C-3A4F117438A2}.Debug|x64.Build.0 = Debug|x64
		{DA564D79-2824-49BA-A53C-3A4F117438A2}.Debug|x86.ActiveCfg = Debug|Win32
		{DA564D79-2824-49BA-A53C-3A4F117438A2}.Debug|x86.Build.0 = Debug|Win32
		{DA564D79-2824-49BA-A53C-3A4F117438A2}.Release|x64.ActiveCfg = Release|x64
		{DA564D79-2824-49BA-A53C-3A4F117438A2}.Release|x64.Build.0 = Release|x64
		{DA564D79-2824-49BA-A53C-3A4F117438A2}.Release|x86.ActiveCfg = Release|Win32
		{DA564D79-2824-49BA-A53C-3A4F117438A2}.Release|x86.Build.0 = Release|Win32
	EndGlobalSection
	GlobalSection(SolutionProperties) = preSolution
		HideSolutionNode = FALSE
	EndGlobalSection
	GlobalSection(ExtensibilityGlobals) = postSolution
		SolutionGuid = {27B2BC7D-BC17-4785-AAD7-192B264CAE91}
	EndGlobalSection
EndGlobal
