
Microsoft Visual Studio Solution File, Format Version 12.00
# Visual Studio Version 17
VisualStudioVersion = 17.3.32825.248
MinimumVisualStudioVersion = 10.0.40219.1
Project("{8BC9CEB8-8B4A-11D0-8D11-00A0C91BC942}") = "Practice2_2", "Practice2_2\Practice2_2.vcxproj", "{A666DEC9-C85E-4630-A484-98D94F36353B}"
EndProject
Global
	GlobalSection(SolutionConfigurationPlatforms) = preSolution
		Debug|x64 = Debug|x64
		Debug|x86 = Debug|x86
		Release|x64 = Release|x64
		Release|x86 = Release|x86
	EndGlobalSection
	GlobalSection(ProjectConfigurationPlatforms) = postSolution
		{A666DEC9-C85E-4630-A484-98D94F36353B}.Debug|x64.ActiveCfg = Debug|x64
		{A666DEC9-C85E-4630-A484-98D94F36353B}.Debug|x64.Build.0 = Debug|x64
		{A666DEC9-C85E-4630-A484-98D94F36353B}.Debug|x86.ActiveCfg = Debug|Win32
		{A666DEC9-C85E-4630-A484-98D94F36353B}.Debug|x86.Build.0 = Debug|Win32
		{A666DEC9-C85E-4630-A484-98D94F36353B}.Release|x64.ActiveCfg = Release|x64
		{A666DEC9-C85E-4630-A484-98D94F36353B}.Release|x64.Build.0 = Release|x64
		{A666DEC9-C85E-4630-A484-98D94F36353B}.Release|x86.ActiveCfg = Release|Win32
		{A666DEC9-C85E-4630-A484-98D94F36353B}.Release|x86.Build.0 = Release|Win32
	EndGlobalSection
	GlobalSection(SolutionProperties) = preSolution
		HideSolutionNode = FALSE
	EndGlobalSection
	GlobalSection(ExtensibilityGlobals) = postSolution
		SolutionGuid = {986FE13C-0F23-4C89-81AB-74C7702070CC}
	EndGlobalSection
EndGlobal
