
Microsoft Visual Studio Solution File, Format Version 12.00
# Visual Studio 15
VisualStudioVersion = 15.0.28010.2019
MinimumVisualStudioVersion = 10.0.40219.1
Project("{8BC9CEB8-8B4A-11D0-8D11-00A0C91BC942}") = "Project0h", "Project0h\Project0h.vcxproj", "{0CF31488-C816-48F2-8921-659236ACC1E6}"
EndProject
Global
	GlobalSection(SolutionConfigurationPlatforms) = preSolution
		Debug|x64 = Debug|x64
		Debug|x86 = Debug|x86
		Release|x64 = Release|x64
		Release|x86 = Release|x86
	EndGlobalSection
	GlobalSection(ProjectConfigurationPlatforms) = postSolution
		{0CF31488-C816-48F2-8921-659236ACC1E6}.Debug|x64.ActiveCfg = Debug|x64
		{0CF31488-C816-48F2-8921-659236ACC1E6}.Debug|x64.Build.0 = Debug|x64
		{0CF31488-C816-48F2-8921-659236ACC1E6}.Debug|x86.ActiveCfg = Debug|Win32
		{0CF31488-C816-48F2-8921-659236ACC1E6}.Debug|x86.Build.0 = Debug|Win32
		{0CF31488-C816-48F2-8921-659236ACC1E6}.Release|x64.ActiveCfg = Release|x64
		{0CF31488-C816-48F2-8921-659236ACC1E6}.Release|x64.Build.0 = Release|x64
		{0CF31488-C816-48F2-8921-659236ACC1E6}.Release|x86.ActiveCfg = Release|Win32
		{0CF31488-C816-48F2-8921-659236ACC1E6}.Release|x86.Build.0 = Release|Win32
	EndGlobalSection
	GlobalSection(SolutionProperties) = preSolution
		HideSolutionNode = FALSE
	EndGlobalSection
	GlobalSection(ExtensibilityGlobals) = postSolution
		SolutionGuid = {195FBB44-4795-4C5D-AF23-E8C2D111601A}
	EndGlobalSection
EndGlobal
