
Microsoft Visual Studio Solution File, Format Version 12.00
# Visual Studio Version 17
VisualStudioVersion = 17.3.32819.101
MinimumVisualStudioVersion = 10.0.40219.1
Project("{8BC9CEB8-8B4A-11D0-8D11-00A0C91BC942}") = "Practice2_0_0", "Practice2_0_0\Practice2_0_0.vcxproj", "{E3A8FA87-B892-421F-8B38-5F1B749CA6FD}"
EndProject
Global
	GlobalSection(SolutionConfigurationPlatforms) = preSolution
		Debug|x64 = Debug|x64
		Debug|x86 = Debug|x86
		Release|x64 = Release|x64
		Release|x86 = Release|x86
	EndGlobalSection
	GlobalSection(ProjectConfigurationPlatforms) = postSolution
		{E3A8FA87-B892-421F-8B38-5F1B749CA6FD}.Debug|x64.ActiveCfg = Debug|x64
		{E3A8FA87-B892-421F-8B38-5F1B749CA6FD}.Debug|x64.Build.0 = Debug|x64
		{E3A8FA87-B892-421F-8B38-5F1B749CA6FD}.Debug|x86.ActiveCfg = Debug|Win32
		{E3A8FA87-B892-421F-8B38-5F1B749CA6FD}.Debug|x86.Build.0 = Debug|Win32
		{E3A8FA87-B892-421F-8B38-5F1B749CA6FD}.Release|x64.ActiveCfg = Release|x64
		{E3A8FA87-B892-421F-8B38-5F1B749CA6FD}.Release|x64.Build.0 = Release|x64
		{E3A8FA87-B892-421F-8B38-5F1B749CA6FD}.Release|x86.ActiveCfg = Release|Win32
		{E3A8FA87-B892-421F-8B38-5F1B749CA6FD}.Release|x86.Build.0 = Release|Win32
	EndGlobalSection
	GlobalSection(SolutionProperties) = preSolution
		HideSolutionNode = FALSE
	EndGlobalSection
	GlobalSection(ExtensibilityGlobals) = postSolution
		SolutionGuid = {24BB07D4-BE99-444F-8926-DA75D415C7E2}
	EndGlobalSection
EndGlobal
