
Microsoft Visual Studio Solution File, Format Version 12.00
# Visual Studio Express 2012 for Windows Desktop
Project("{8BC9CEB8-8B4A-11D0-8D11-00A0C91BC942}") = "Practice0", "Practice0\Practice0.vcxproj", "{F9C2D5C7-2BF8-4BBD-B061-074D3928CC29}"
EndProject
Project("{8BC9CEB8-8B4A-11D0-8D11-00A0C91BC942}") = "Practice1", "Practice1\Practice1.vcxproj", "{7D148B1F-F3E3-4223-8004-A34E2F6D9C6C}"
EndProject
Project("{8BC9CEB8-8B4A-11D0-8D11-00A0C91BC942}") = "Practice6", "Practice6\Practice6.vcxproj", "{B0D8EF42-6F95-44FF-BF06-43AA771FF5C0}"
EndProject
Project("{8BC9CEB8-8B4A-11D0-8D11-00A0C91BC942}") = "Practice7", "Practice7\Practice7.vcxproj", "{1B64243C-9477-4B41-A33A-6592DD577C95}"
EndProject
Project("{8BC9CEB8-8B4A-11D0-8D11-00A0C91BC942}") = "Practice8", "Practice8\Practice8.vcxproj", "{546DFA14-2D93-478D-8EA3-A9FC9EADDE2F}"
EndProject
Global
	GlobalSection(SolutionConfigurationPlatforms) = preSolution
		Debug|Win32 = Debug|Win32
		Release|Win32 = Release|Win32
	EndGlobalSection
	GlobalSection(ProjectConfigurationPlatforms) = postSolution
		{F9C2D5C7-2BF8-4BBD-B061-074D3928CC29}.Debug|Win32.ActiveCfg = Debug|Win32
		{F9C2D5C7-2BF8-4BBD-B061-074D3928CC29}.Debug|Win32.Build.0 = Debug|Win32
		{F9C2D5C7-2BF8-4BBD-B061-074D3928CC29}.Release|Win32.ActiveCfg = Release|Win32
		{F9C2D5C7-2BF8-4BBD-B061-074D3928CC29}.Release|Win32.Build.0 = Release|Win32
		{7D148B1F-F3E3-4223-8004-A34E2F6D9C6C}.Debug|Win32.ActiveCfg = Debug|Win32
		{7D148B1F-F3E3-4223-8004-A34E2F6D9C6C}.Debug|Win32.Build.0 = Debug|Win32
		{7D148B1F-F3E3-4223-8004-A34E2F6D9C6C}.Release|Win32.ActiveCfg = Release|Win32
		{7D148B1F-F3E3-4223-8004-A34E2F6D9C6C}.Release|Win32.Build.0 = Release|Win32
		{B0D8EF42-6F95-44FF-BF06-43AA771FF5C0}.Debug|Win32.ActiveCfg = Debug|Win32
		{B0D8EF42-6F95-44FF-BF06-43AA771FF5C0}.Debug|Win32.Build.0 = Debug|Win32
		{B0D8EF42-6F95-44FF-BF06-43AA771FF5C0}.Release|Win32.ActiveCfg = Release|Win32
		{B0D8EF42-6F95-44FF-BF06-43AA771FF5C0}.Release|Win32.Build.0 = Release|Win32
		{1B64243C-9477-4B41-A33A-6592DD577C95}.Debug|Win32.ActiveCfg = Debug|Win32
		{1B64243C-9477-4B41-A33A-6592DD577C95}.Debug|Win32.Build.0 = Debug|Win32
		{1B64243C-9477-4B41-A33A-6592DD577C95}.Release|Win32.ActiveCfg = Release|Win32
		{1B64243C-9477-4B41-A33A-6592DD577C95}.Release|Win32.Build.0 = Release|Win32
		{546DFA14-2D93-478D-8EA3-A9FC9EADDE2F}.Debug|Win32.ActiveCfg = Debug|Win32
		{546DFA14-2D93-478D-8EA3-A9FC9EADDE2F}.Debug|Win32.Build.0 = Debug|Win32
		{546DFA14-2D93-478D-8EA3-A9FC9EADDE2F}.Release|Win32.ActiveCfg = Release|Win32
		{546DFA14-2D93-478D-8EA3-A9FC9EADDE2F}.Release|Win32.Build.0 = Release|Win32
	EndGlobalSection
	GlobalSection(SolutionProperties) = preSolution
		HideSolutionNode = FALSE
	EndGlobalSection
EndGlobal
